Microsoft Visual Studio Solution File, Format Version 11.00
# Visual Studio 2008

Project("{59613D69-F65A-7B86-8AE4-F11FAC5625D6}") = "Pacman - Sharon", "Assembly-CSharp.csproj", "{D99F1627-628C-9911-3CDB-10C873382007}"
EndProject
Project("{59613D69-F65A-7B86-8AE4-F11FAC5625D6}") = "Pacman - Sharon", "Assembly-CSharp-Editor.csproj", "{C666FF4C-4ECF-4A49-45EA-1345B9D337EB}"
EndProject
Global
	GlobalSection(SolutionConfigurationPlatforms) = preSolution
		Debug|Any CPU = Debug|Any CPU
		Release|Any CPU = Release|Any CPU
	EndGlobalSection
	GlobalSection(ProjectConfigurationPlatforms) = postSolution
		{D99F1627-628C-9911-3CDB-10C873382007}.Debug|Any CPU.ActiveCfg = Debug|Any CPU
		{D99F1627-628C-9911-3CDB-10C873382007}.Debug|Any CPU.Build.0 = Debug|Any CPU
		{D99F1627-628C-9911-3CDB-10C873382007}.Release|Any CPU.ActiveCfg = Release|Any CPU
		{D99F1627-628C-9911-3CDB-10C873382007}.Release|Any CPU.Build.0 = Release|Any CPU
		{C666FF4C-4ECF-4A49-45EA-1345B9D337EB}.Debug|Any CPU.ActiveCfg = Debug|Any CPU
		{C666FF4C-4ECF-4A49-45EA-1345B9D337EB}.Debug|Any CPU.Build.0 = Debug|Any CPU
		{C666FF4C-4ECF-4A49-45EA-1345B9D337EB}.Release|Any CPU.ActiveCfg = Release|Any CPU
		{C666FF4C-4ECF-4A49-45EA-1345B9D337EB}.Release|Any CPU.Build.0 = Release|Any CPU
	EndGlobalSection
	GlobalSection(SolutionProperties) = preSolution
		HideSolutionNode = FALSE
	EndGlobalSection
						GlobalSection(MonoDevelopProperties) = preSolution
		StartupItem = Assembly-CSharp.csproj
		Policies = $0
		$0.TextStylePolicy = $1
		$1.inheritsSet = null
		$1.scope = text/x-csharp
		$0.CSharpFormattingPolicy = $2
		$2.inheritsSet = Mono
		$2.inheritsScope = text/x-csharp
		$2.scope = text/x-csharp
		$0.TextStylePolicy = $3
		$3.FileWidth = 120
		$3.TabWidth = 4
		$3.IndentWidth = 4
		$3.EolMarker = Unix
		$3.inheritsSet = Mono
		$3.inheritsScope = text/plain
		$3.scope = text/plain
	EndGlobalSection

EndGlobal
